{
  "name": "ludion-monorepo",
  "version": "0.0.1",
  "lockfileVersion": 3,
  "requires": true,
  "packages": {
    "": {
      "name": "ludion-monorepo",
      "version": "0.0.1",
      "license": "Apache-2.0",
      "workspaces": [
        "packages/*"
      ],
      "engines": {
        "node": ">=20"
      }
    },
    "node_modules/@ludion/diver": {
      "resolved": "packages/diver",
      "link": true
    },
    "node_modules/@ludion/gate-core": {
      "resolved": "packages/gate-core",
      "link": true
    },
    "node_modules/@ludion/gate-node": {
      "resolved": "packages/gate-node",
      "link": true
    },
    "node_modules/http-message-sig": {
      "version": "0.3.0",
      "resolved": "https://registry.npmjs.org/http-message-sig/-/http-message-sig-0.3.0.tgz",
      "integrity": "sha512-ossX5ZDDCRD+YtMzryp3gCg+5wqLFes1RVChEFmEE9Bzbd49Ts2IIIvFnTst/mYWx0ivrxrTTPsIIKKJ07s7+w==",
      "license": "Apache-2.0",
      "dependencies": {
        "structured-headers": "2.0.3"
      }
    },
    "node_modules/jsonwebkey-thumbprint": {
      "version": "0.1.0",
      "resolved": "https://registry.npmjs.org/jsonwebkey-thumbprint/-/jsonwebkey-thumbprint-0.1.0.tgz",
      "integrity": "sha512-4m/gJEUQH8N2NfvZFjCL8/E+vlt0FlrmHoR4T93CEXQRkC64qwRi6oQri4/eqLVXqEqXYCss0+Q7pLx6vJBqzw==",
      "license": "Apache-2.0"
    },
    "node_modules/structured-headers": {
      "version": "2.0.3",
      "resolved": "https://registry.npmjs.org/structured-headers/-/structured-headers-2.0.3.tgz",
      "integrity": "sha512-4g5yxhlDMClRwCcfKfLeS7Z8yAVdOWGDADwm80Poh1iReU2KVKLGBlqwpHWJ2qovq0+ZIf1atAEO1eua2o9Rgg==",
      "license": "MIT",
      "engines": {
        "node": ">=18",
        "npm": ">=6"
      }
    },
    "node_modules/web-bot-auth": {
      "version": "0.2.0",
      "resolved": "https://registry.npmjs.org/web-bot-auth/-/web-bot-auth-0.2.0.tgz",
      "integrity": "sha512-3DJ72ZhWK4a3yCHCClF6q32g03X37DJlpyASYeBroGTRj/qFkHNcPwkESc3FLigjW6NOWF6MR+Hat9AfOqqtAQ==",
      "license": "Apache-2.0",
      "dependencies": {
        "http-message-sig": "^0.3.0",
        "jsonwebkey-thumbprint": "^0.1.0",
        "structured-headers": "2.0.3"
      }
    },
    "packages/diver": {
      "name": "@ludion/diver",
      "version": "0.0.1",
      "license": "Apache-2.0",
      "dependencies": {
        "http-message-sig": "0.3.0",
        "jsonwebkey-thumbprint": "0.1.0",
        "web-bot-auth": "0.2.0"
      },
      "bin": {
        "ludion": "bin/ludion.mjs"
      }
    },
    "packages/gate-core": {
      "name": "@ludion/gate-core",
      "version": "0.0.1",
      "license": "Apache-2.0",
      "dependencies": {
        "http-message-sig": "0.3.0",
        "jsonwebkey-thumbprint": "0.1.0",
        "web-bot-auth": "0.2.0"
      },
      "engines": {
        "node": ">=20"
      }
    },
    "packages/gate-node": {
      "name": "@ludion/gate-node",
      "version": "0.0.1",
      "license": "Apache-2.0",
      "dependencies": {
        "@ludion/gate-core": "0.0.1"
      }
    }
  }
}
